
Microsoft Visual Studio Solution File, Format Version 12.00
# Visual Studio Version 17
VisualStudioVersion = 17.13.35825.156 d17.13
MinimumVisualStudioVersion = 10.0.40219.1
Project("{FAE04EC0-301F-11D3-BF4B-00C04F79EFBC}") = "Cinema_Backend", "Cinema_Backend\Cinema_Backend.csproj", "{1137726F-E050-4B82-B915-0FBC7EDD2BDA}"
EndProject
Global
	GlobalSection(SolutionConfigurationPlatforms) = preSolution
		Debug|Any CPU = Debug|Any CPU
		Release|Any CPU = Release|Any CPU
	EndGlobalSection
	GlobalSection(ProjectConfigurationPlatforms) = postSolution
		{1137726F-E050-4B82-B915-0FBC7EDD2BDA}.Debug|Any CPU.ActiveCfg = Debug|Any CPU
		{1137726F-E050-4B82-B915-0FBC7EDD2BDA}.Debug|Any CPU.Build.0 = Debug|Any CPU
		{1137726F-E050-4B82-B915-0FBC7EDD2BDA}.Release|Any CPU.ActiveCfg = Release|Any CPU
		{1137726F-E050-4B82-B915-0FBC7EDD2BDA}.Release|Any CPU.Build.0 = Release|Any CPU
	EndGlobalSection
	GlobalSection(SolutionProperties) = preSolution
		HideSolutionNode = FALSE
	EndGlobalSection
	GlobalSection(ExtensibilityGlobals) = postSolution
		SolutionGuid = {F5BAB3DD-6D1A-4811-9BD0-3C8A6C0D8E44}
	EndGlobalSection
EndGlobal
